<?xml version="1.0" encoding="utf-8"?>
<Project ToolsVersion="4.0" xmlns="http://schemas.microsoft.com/developer/msbuild/2003">
  <ItemGroup>
    <ClCompile Include="main.cpp" />
    <ClCompile Include="ExcelDiff.cpp">
      <Filter>Source Files</Filter>
    </ClCompile>
    <ClCompile Include="QXlsx\source\xlsxabstractooxmlfile.cpp">
      <Filter>QXlsx\source</Filter>
    </ClCompile>
    <ClCompile Include="QXlsx\source\xlsxabstractsheet.cpp">
      <Filter>QXlsx\source</Filter>
    </ClCompile>
    <ClCompile Include="QXlsx\source\xlsxcell.cpp">
      <Filter>QXlsx\source</Filter>
    </ClCompile>
    <ClCompile Include="QXlsx\source\xlsxcellformula.cpp">
      <Filter>QXlsx\source</Filter>
    </ClCompile>
    <ClCompile Include="QXlsx\source\xlsxcelllocation.cpp">
      <Filter>QXlsx\source</Filter>
    </ClCompile>
    <ClCompile Include="QXlsx\source\xlsxcellrange.cpp">
      <Filter>QXlsx\source</Filter>
    </ClCompile>
    <ClCompile Include="QXlsx\source\xlsxcellreference.cpp">
      <Filter>QXlsx\source</Filter>
    </ClCompile>
    <ClCompile Include="QXlsx\source\xlsxchart.cpp">
      <Filter>QXlsx\source</Filter>
    </ClCompile>
    <ClCompile Include="QXlsx\source\xlsxchartsheet.cpp">
      <Filter>QXlsx\source</Filter>
    </ClCompile>
    <ClCompile Include="QXlsx\source\xlsxcolor.cpp">
      <Filter>QXlsx\source</Filter>
    </ClCompile>
    <ClCompile Include="QXlsx\source\xlsxconditionalformatting.cpp">
      <Filter>QXlsx\source</Filter>
    </ClCompile>
    <ClCompile Include="QXlsx\source\xlsxcontenttypes.cpp">
      <Filter>QXlsx\source</Filter>
    </ClCompile>
    <ClCompile Include="QXlsx\source\xlsxdatavalidation.cpp">
      <Filter>QXlsx\source</Filter>
    </ClCompile>
    <ClCompile Include="QXlsx\source\xlsxdocpropsapp.cpp">
      <Filter>QXlsx\source</Filter>
    </ClCompile>
    <ClCompile Include="QXlsx\source\xlsxdocpropscore.cpp">
      <Filter>QXlsx\source</Filter>
    </ClCompile>
    <ClCompile Include="QXlsx\source\xlsxdocument.cpp">
      <Filter>QXlsx\source</Filter>
    </ClCompile>
    <ClCompile Include="QXlsx\source\xlsxdrawing.cpp">
      <Filter>QXlsx\source</Filter>
    </ClCompile>
    <ClCompile Include="QXlsx\source\xlsxdrawinganchor.cpp">
      <Filter>QXlsx\source</Filter>
    </ClCompile>
    <ClCompile Include="QXlsx\source\xlsxformat.cpp">
      <Filter>QXlsx\source</Filter>
    </ClCompile>
    <ClCompile Include="QXlsx\source\xlsxmediafile.cpp">
      <Filter>QXlsx\source</Filter>
    </ClCompile>
    <ClCompile Include="QXlsx\source\xlsxnumformatparser.cpp">
      <Filter>QXlsx\source</Filter>
    </ClCompile>
    <ClCompile Include="QXlsx\source\xlsxrelationships.cpp">
      <Filter>QXlsx\source</Filter>
    </ClCompile>
    <ClCompile Include="QXlsx\source\xlsxrichstring.cpp">
      <Filter>QXlsx\source</Filter>
    </ClCompile>
    <ClCompile Include="QXlsx\source\xlsxsharedstrings.cpp">
      <Filter>QXlsx\source</Filter>
    </ClCompile>
    <ClCompile Include="QXlsx\source\xlsxsimpleooxmlfile.cpp">
      <Filter>QXlsx\source</Filter>
    </ClCompile>
    <ClCompile Include="QXlsx\source\xlsxstyles.cpp">
      <Filter>QXlsx\source</Filter>
    </ClCompile>
    <ClCompile Include="QXlsx\source\xlsxtheme.cpp">
      <Filter>QXlsx\source</Filter>
    </ClCompile>
    <ClCompile Include="QXlsx\source\xlsxutility.cpp">
      <Filter>QXlsx\source</Filter>
    </ClCompile>
    <ClCompile Include="QXlsx\source\xlsxworkbook.cpp">
      <Filter>QXlsx\source</Filter>
    </ClCompile>
    <ClCompile Include="QXlsx\source\xlsxworksheet.cpp">
      <Filter>QXlsx\source</Filter>
    </ClCompile>
    <ClCompile Include="QXlsx\source\xlsxzipreader.cpp">
      <Filter>QXlsx\source</Filter>
    </ClCompile>
    <ClCompile Include="QXlsx\source\xlsxzipwriter.cpp">
      <Filter>QXlsx\source</Filter>
    </ClCompile>
  </ItemGroup>
  <ItemGroup>
    <Filter Include="Resource Files">
      <UniqueIdentifier>{D9D6E242-F8AF-46E4-B9FD-80ECBC20BA3E}</UniqueIdentifier>
      <Extensions>qrc;*</Extensions>
      <ParseFiles>false</ParseFiles>
    </Filter>
    <Filter Include="Source Files">
      <UniqueIdentifier>{4FC737F1-C7A5-4376-A066-2A32D752A2FF}</UniqueIdentifier>
      <Extensions>cpp;c;cc;cxx;def;odl;idl;hpj;bat;asm;asmx</Extensions>
      <ParseFiles>true</ParseFiles>
    </Filter>
    <Filter Include="Header Files">
      <UniqueIdentifier>{93995380-89BD-4b04-88EB-625FBE52EBFB}</UniqueIdentifier>
      <Extensions>h;hh;hpp;hxx;hm;inl;inc;xsd</Extensions>
      <ParseFiles>true</ParseFiles>
    </Filter>
    <Filter Include="Form Files">
      <UniqueIdentifier>{99349809-55BA-4b9d-BF79-8FDBB0286EB3}</UniqueIdentifier>
      <Extensions>ui</Extensions>
      <ParseFiles>true</ParseFiles>
    </Filter>
    <Filter Include="QXlsx">
      <UniqueIdentifier>{3e173351-99ad-4215-8b10-0c77d0ff7015}</UniqueIdentifier>
    </Filter>
    <Filter Include="QXlsx\source">
      <UniqueIdentifier>{39cae86a-b30a-4ea8-96c8-18d5f40b0f9e}</UniqueIdentifier>
    </Filter>
    <Filter Include="QXlsx\header">
      <UniqueIdentifier>{ac494217-953f-4f80-9c1e-402cf46fcd4b}</UniqueIdentifier>
    </Filter>
  </ItemGroup>
  <ItemGroup>
    <QtMoc Include="ExcelDiff.h">
      <Filter>Header Files</Filter>
    </QtMoc>
    <QtMoc Include="QXlsx\header\xlsxdocument.h">
      <Filter>QXlsx\header</Filter>
    </QtMoc>
  </ItemGroup>
  <ItemGroup>
    <QtUic Include="ExcelDiff.ui">
      <Filter>Form Files</Filter>
    </QtUic>
  </ItemGroup>
  <ItemGroup>
    <QtRcc Include="ExcelDiff.qrc">
      <Filter>Resource Files</Filter>
    </QtRcc>
  </ItemGroup>
  <ItemGroup>
    <ClInclude Include="QXlsx\header\xlsxabstractooxmlfile.h">
      <Filter>QXlsx\header</Filter>
    </ClInclude>
    <ClInclude Include="QXlsx\header\xlsxabstractooxmlfile_p.h">
      <Filter>QXlsx\header</Filter>
    </ClInclude>
    <ClInclude Include="QXlsx\header\xlsxabstractsheet.h">
      <Filter>QXlsx\header</Filter>
    </ClInclude>
    <ClInclude Include="QXlsx\header\xlsxabstractsheet_p.h">
      <Filter>QXlsx\header</Filter>
    </ClInclude>
    <ClInclude Include="QXlsx\header\xlsxcell.h">
      <Filter>QXlsx\header</Filter>
    </ClInclude>
    <ClInclude Include="QXlsx\header\xlsxcell_p.h">
      <Filter>QXlsx\header</Filter>
    </ClInclude>
    <ClInclude Include="QXlsx\header\xlsxcellformula.h">
      <Filter>QXlsx\header</Filter>
    </ClInclude>
    <ClInclude Include="QXlsx\header\xlsxcellformula_p.h">
      <Filter>QXlsx\header</Filter>
    </ClInclude>
    <ClInclude Include="QXlsx\header\xlsxcelllocation.h">
      <Filter>QXlsx\header</Filter>
    </ClInclude>
    <ClInclude Include="QXlsx\header\xlsxcellrange.h">
      <Filter>QXlsx\header</Filter>
    </ClInclude>
    <ClInclude Include="QXlsx\header\xlsxcellreference.h">
      <Filter>QXlsx\header</Filter>
    </ClInclude>
    <ClInclude Include="QXlsx\header\xlsxchart.h">
      <Filter>QXlsx\header</Filter>
    </ClInclude>
    <ClInclude Include="QXlsx\header\xlsxchart_p.h">
      <Filter>QXlsx\header</Filter>
    </ClInclude>
    <ClInclude Include="QXlsx\header\xlsxchartsheet.h">
      <Filter>QXlsx\header</Filter>
    </ClInclude>
    <ClInclude Include="QXlsx\header\xlsxchartsheet_p.h">
      <Filter>QXlsx\header</Filter>
    </ClInclude>
    <ClInclude Include="QXlsx\header\xlsxcolor_p.h">
      <Filter>QXlsx\header</Filter>
    </ClInclude>
    <ClInclude Include="QXlsx\header\xlsxconditionalformatting.h">
      <Filter>QXlsx\header</Filter>
    </ClInclude>
    <ClInclude Include="QXlsx\header\xlsxconditionalformatting_p.h">
      <Filter>QXlsx\header</Filter>
    </ClInclude>
    <ClInclude Include="QXlsx\header\xlsxcontenttypes_p.h">
      <Filter>QXlsx\header</Filter>
    </ClInclude>
    <ClInclude Include="QXlsx\header\xlsxdatavalidation.h">
      <Filter>QXlsx\header</Filter>
    </ClInclude>
    <ClInclude Include="QXlsx\header\xlsxdatavalidation_p.h">
      <Filter>QXlsx\header</Filter>
    </ClInclude>
    <ClInclude Include="QXlsx\header\xlsxdocpropsapp_p.h">
      <Filter>QXlsx\header</Filter>
    </ClInclude>
    <ClInclude Include="QXlsx\header\xlsxdocpropscore_p.h">
      <Filter>QXlsx\header</Filter>
    </ClInclude>
    <ClInclude Include="QXlsx\header\xlsxdocument_p.h">
      <Filter>QXlsx\header</Filter>
    </ClInclude>
    <ClInclude Include="QXlsx\header\xlsxdrawing_p.h">
      <Filter>QXlsx\header</Filter>
    </ClInclude>
    <ClInclude Include="QXlsx\header\xlsxdrawinganchor_p.h">
      <Filter>QXlsx\header</Filter>
    </ClInclude>
    <ClInclude Include="QXlsx\header\xlsxformat.h">
      <Filter>QXlsx\header</Filter>
    </ClInclude>
    <ClInclude Include="QXlsx\header\xlsxformat_p.h">
      <Filter>QXlsx\header</Filter>
    </ClInclude>
    <ClInclude Include="QXlsx\header\xlsxglobal.h">
      <Filter>QXlsx\header</Filter>
    </ClInclude>
    <ClInclude Include="QXlsx\header\xlsxmediafile_p.h">
      <Filter>QXlsx\header</Filter>
    </ClInclude>
    <ClInclude Include="QXlsx\header\xlsxnumformatparser_p.h">
      <Filter>QXlsx\header</Filter>
    </ClInclude>
    <ClInclude Include="QXlsx\header\xlsxrelationships_p.h">
      <Filter>QXlsx\header</Filter>
    </ClInclude>
    <ClInclude Include="QXlsx\header\xlsxrichstring.h">
      <Filter>QXlsx\header</Filter>
    </ClInclude>
    <ClInclude Include="QXlsx\header\xlsxrichstring_p.h">
      <Filter>QXlsx\header</Filter>
    </ClInclude>
    <ClInclude Include="QXlsx\header\xlsxsharedstrings_p.h">
      <Filter>QXlsx\header</Filter>
    </ClInclude>
    <ClInclude Include="QXlsx\header\xlsxsimpleooxmlfile_p.h">
      <Filter>QXlsx\header</Filter>
    </ClInclude>
    <ClInclude Include="QXlsx\header\xlsxstyles_p.h">
      <Filter>QXlsx\header</Filter>
    </ClInclude>
    <ClInclude Include="QXlsx\header\xlsxtheme_p.h">
      <Filter>QXlsx\header</Filter>
    </ClInclude>
    <ClInclude Include="QXlsx\header\xlsxutility_p.h">
      <Filter>QXlsx\header</Filter>
    </ClInclude>
    <ClInclude Include="QXlsx\header\xlsxworkbook.h">
      <Filter>QXlsx\header</Filter>
    </ClInclude>
    <ClInclude Include="QXlsx\header\xlsxworkbook_p.h">
      <Filter>QXlsx\header</Filter>
    </ClInclude>
    <ClInclude Include="QXlsx\header\xlsxworksheet.h">
      <Filter>QXlsx\header</Filter>
    </ClInclude>
    <ClInclude Include="QXlsx\header\xlsxworksheet_p.h">
      <Filter>QXlsx\header</Filter>
    </ClInclude>
    <ClInclude Include="QXlsx\header\xlsxzipreader_p.h">
      <Filter>QXlsx\header</Filter>
    </ClInclude>
    <ClInclude Include="QXlsx\header\xlsxzipwriter_p.h">
      <Filter>QXlsx\header</Filter>
    </ClInclude>
  </ItemGroup>
</Project>